// !$*UTF8*$!
{
	archiveVersion = 1;
	classes = {
	};
	objectVersion = 77;
	objects = {

/* Begin PBXBuildFile section */
		B5B00CA72E527E9A00C97AAA /* Lottie in Frameworks */ = {isa = PBXBuildFile; productRef = B5B00CA62E527E9A00C97AAA /* Lottie */; };
/* End PBXBuildFile section */

/* Begin PBXContainerItemProxy section */
		B5B00B0C2E4DFCD700C97AAA /* PBXContainerItemProxy */ = {
			isa = PBXContainerItemProxy;
			containerPortal = B5B00AF62E4DFCD700C97AAA /* Project object */;
			proxyType = 1;
			remoteGlobalIDString = B5B00AFD2E4DFCD700C97AAA;
			remoteInfo = OneStep;
		};
		B5B00B162E4DFCD700C97AAA /* PBXContainerItemProxy */ = {
			isa = PBXContainerItemProxy;
			containerPortal = B5B00AF62E4DFCD700C97AAA /* Project object */;
			proxyType = 1;
			remoteGlobalIDString = B5B00AFD2E4DFCD700C97AAA;
			remoteInfo = OneStep;
		};
/* End PBXContainerItemProxy section */

/* Begin PBXFileReference section */
		B5B00AFE2E4DFCD700C97AAA /* OneStep.app */ = {isa = PBXFileReference; explicitFileType = wrapper.application; includeInIndex = 0; path = OneStep.app; sourceTree = BUILT_PRODUCTS_DIR; };
		B5B00B0B2E4DFCD700C97AAA /* OneStepTests.xctest */ = {isa = PBXFileReference; explicitFileType = wrapper.cfbundle; includeInIndex = 0; path = OneStepTests.xctest; sourceTree = BUILT_PRODUCTS_DIR; };
		B5B00B152E4DFCD700C97AAA /* OneStepUITests.xctest */ = {isa = PBXFileReference; explicitFileType = wrapper.cfbundle; includeInIndex = 0; path = OneStepUITests.xctest; sourceTree = BUILT_PRODUCTS_DIR; };
/* End PBXFileReference section */

/* Begin PBXFileSystemSynchronizedBuildFileExceptionSet section */
		B5B00CB52E53155800C97AAA /* Exceptions for "OneStep" folder in "OneStep" target */ = {
			isa = PBXFileSystemSynchronizedBuildFileExceptionSet;
			membershipExceptions = (
				Info.plist,
			);
			target = B5B00AFD2E4DFCD700C97AAA /* OneStep */;
		};
/* End PBXFileSystemSynchronizedBuildFileExceptionSet section */

/* Begin PBXFileSystemSynchronizedRootGroup section */
		B5B00B002E4DFCD700C97AAA /* OneStep */ = {
			isa = PBXFileSystemSynchronizedRootGroup;
			exceptions = (
				B5B00CB52E53155800C97AAA /* Exceptions for "OneStep" folder in "OneStep" target */,
			);
			path = OneStep;
			sourceTree = "<group>";
		};
		B5B00B0E2E4DFCD700C97AAA /* OneStepTests */ = {
			isa = PBXFileSystemSynchronizedRootGroup;
			path = OneStepTests;
			sourceTree = "<group>";
		};
		B5B00B182E4DFCD700C97AAA /* OneStepUITests */ = {
			isa = PBXFileSystemSynchronizedRootGroup;
			path = OneStepUITests;
			sourceTree = "<group>";
		};
/* End PBXFileSystemSynchronizedRootGroup section */

/* Begin PBXFrameworksBuildPhase section */
		B5B00AFB2E4DFCD700C97AAA /* Frameworks */ = {
			isa = PBXFrameworksBuildPhase;
			buildActionMask = 2147483647;
			files = (
				B5B00CA72E527E9A00C97AAA /* Lottie in Frameworks */,
			);
			runOnlyForDeploymentPostprocessing = 0;
		};
		B5B00B082E4DFCD700C97AAA /* Frameworks */ = {
			isa = PBXFrameworksBuildPhase;
			buildActionMask = 2147483647;
			files = (
			);
			runOnlyForDeploymentPostprocessing = 0;
		};
		B5B00B122E4DFCD700C97AAA /* Frameworks */ = {
			isa = PBXFrameworksBuildPhase;
			buildActionMask = 2147483647;
			files = (
			);
			runOnlyForDeploymentPostprocessing = 0;
		};
/* End PBXFrameworksBuildPhase section */

/* Begin PBXGroup section */
		B5B00AF52E4DFCD700C97AAA = {
			isa = PBXGroup;
			children = (
				B5B00B002E4DFCD700C97AAA /* OneStep */,
				B5B00B0E2E4DFCD700C97AAA /* OneStepTests */,
				B5B00B182E4DFCD700C97AAA /* OneStepUITests */,
				B5B00AFF2E4DFCD700C97AAA /* Products */,
			);
			sourceTree = "<group>";
		};
		B5B00AFF2E4DFCD700C97AAA /* Products */ = {
			isa = PBXGroup;
			children = (
				B5B00AFE2E4DFCD700C97AAA /* OneStep.app */,
				B5B00B0B2E4DFCD700C97AAA /* OneStepTests.xctest */,
				B5B00B152E4DFCD700C97AAA /* OneStepUITests.xctest */,
			);
			name = Products;
			sourceTree = "<group>";
		};
/* End PBXGroup section */

/* Begin PBXNativeTarget section */
		B5B00AFD2E4DFCD700C97AAA /* OneStep */ = {
			isa = PBXNativeTarget;
			buildConfigurationList = B5B00B1F2E4DFCD700C97AAA /* Build configuration list for PBXNativeTarget "OneStep" */;
			buildPhases = (
				B5B00AFA2E4DFCD700C97AAA /* Sources */,
				B5B00AFB2E4DFCD700C97AAA /* Frameworks */,
				B5B00AFC2E4DFCD700C97AAA /* Resources */,
			);
			buildRules = (
			);
			dependencies = (
			);
			fileSystemSynchronizedGroups = (
				B5B00B002E4DFCD700C97AAA /* OneStep */,
			);
			name = OneStep;
			packageProductDependencies = (
				B5B00CA62E527E9A00C97AAA /* Lottie */,
			);
			productName = OneStep;
			productReference = B5B00AFE2E4DFCD700C97AAA /* OneStep.app */;
			productType = "com.apple.product-type.application";
		};
		B5B00B0A2E4DFCD700C97AAA /* OneStepTests */ = {
			isa = PBXNativeTarget;
			buildConfigurationList = B5B00B222E4DFCD700C97AAA /* Build configuration list for PBXNativeTarget "OneStepTests" */;
			buildPhases = (
				B5B00B072E4DFCD700C97AAA /* Sources */,
				B5B00B082E4DFCD700C97AAA /* Frameworks */,
				B5B00B092E4DFCD700C97AAA /* Resources */,
			);
			buildRules = (
			);
			dependencies = (
				B5B00B0D2E4DFCD700C97AAA /* PBXTargetDependency */,
			);
			fileSystemSynchronizedGroups = (
				B5B00B0E2E4DFCD700C97AAA /* OneStepTests */,
			);
			name = OneStepTests;
			packageProductDependencies = (
			);
			productName = OneStepTests;
			productReference = B5B00B0B2E4DFCD700C97AAA /* OneStepTests.xctest */;
			productType = "com.apple.product-type.bundle.unit-test";
		};
		B5B00B142E4DFCD700C97AAA /* OneStepUITests */ = {
			isa = PBXNativeTarget;
			buildConfigurationList = B5B00B252E4DFCD700C97AAA /* Build configuration list for PBXNativeTarget "OneStepUITests" */;
			buildPhases = (
				B5B00B112E4DFCD700C97AAA /* Sources */,
				B5B00B122E4DFCD700C97AAA /* Frameworks */,
				B5B00B132E4DFCD700C97AAA /* Resources */,
			);
			buildRules = (
			);
			dependencies = (
				B5B00B172E4DFCD700C97AAA /* PBXTargetDependency */,
			);
			fileSystemSynchronizedGroups = (
				B5B00B182E4DFCD700C97AAA /* OneStepUITests */,
			);
			name = OneStepUITests;
			packageProductDependencies = (
			);
			productName = OneStepUITests;
			productReference = B5B00B152E4DFCD700C97AAA /* OneStepUITests.xctest */;
			productType = "com.apple.product-type.bundle.ui-testing";
		};
/* End PBXNativeTarget section */

/* Begin PBXProject section */
		B5B00AF62E4DFCD700C97AAA /* Project object */ = {
			isa = PBXProject;
			attributes = {
				BuildIndependentTargetsInParallel = 1;
				LastSwiftUpdateCheck = 1640;
				LastUpgradeCheck = 1640;
				TargetAttributes = {
					B5B00AFD2E4DFCD700C97AAA = {
						CreatedOnToolsVersion = 16.4;
					};
					B5B00B0A2E4DFCD700C97AAA = {
						CreatedOnToolsVersion = 16.4;
						TestTargetID = B5B00AFD2E4DFCD700C97AAA;
					};
					B5B00B142E4DFCD700C97AAA = {
						CreatedOnToolsVersion = 16.4;
						TestTargetID = B5B00AFD2E4DFCD700C97AAA;
					};
				};
			};
			buildConfigurationList = B5B00AF92E4DFCD700C97AAA /* Build configuration list for PBXProject "OneStep" */;
			developmentRegion = en;
			hasScannedForEncodings = 0;
			knownRegions = (
				en,
				Base,
			);
			mainGroup = B5B00AF52E4DFCD700C97AAA;
			minimizedProjectReferenceProxies = 1;
			packageReferences = (
				B5B00CA52E527E9A00C97AAA /* XCRemoteSwiftPackageReference "lottie-ios" */,
			);
			preferredProjectObjectVersion = 77;
			productRefGroup = B5B00AFF2E4DFCD700C97AAA /* Products */;
			projectDirPath = "";
			projectRoot = "";
			targets = (
				B5B00AFD2E4DFCD700C97AAA /* OneStep */,
				B5B00B0A2E4DFCD700C97AAA /* OneStepTests */,
				B5B00B142E4DFCD700C97AAA /* OneStepUITests */,
			);
		};
/* End PBXProject section */

/* Begin PBXResourcesBuildPhase section */
		B5B00AFC2E4DFCD700C97AAA /* Resources */ = {
			isa = PBXResourcesBuildPhase;
			buildActionMask = 2147483647;
			files = (
			);
			runOnlyForDeploymentPostprocessing = 0;
		};
		B5B00B092E4DFCD700C97AAA /* Resources */ = {
			isa = PBXResourcesBuildPhase;
			buildActionMask = 2147483647;
			files = (
			);
			runOnlyForDeploymentPostprocessing = 0;
		};
		B5B00B132E4DFCD700C97AAA /* Resources */ = {
			isa = PBXResourcesBuildPhase;
			buildActionMask = 2147483647;
			files = (
			);
			runOnlyForDeploymentPostprocessing = 0;
		};
/* End PBXResourcesBuildPhase section */

/* Begin PBXSourcesBuildPhase section */
		B5B00AFA2E4DFCD700C97AAA /* Sources */ = {
			isa = PBXSourcesBuildPhase;
			buildActionMask = 2147483647;
			files = (
			);
			runOnlyForDeploymentPostprocessing = 0;
		};
		B5B00B072E4DFCD700C97AAA /* Sources */ = {
			isa = PBXSourcesBuildPhase;
			buildActionMask = 2147483647;
			files = (
			);
			runOnlyForDeploymentPostprocessing = 0;
		};
		B5B00B112E4DFCD700C97AAA /* Sources */ = {
			isa = PBXSourcesBuildPhase;
			buildActionMask = 2147483647;
			files = (
			);
			runOnlyForDeploymentPostprocessing = 0;
		};
/* End PBXSourcesBuildPhase section */

/* Begin PBXTargetDependency section */
		B5B00B0D2E4DFCD700C97AAA /* PBXTargetDependency */ = {
			isa = PBXTargetDependency;
			target = B5B00AFD2E4DFCD700C97AAA /* OneStep */;
			targetProxy = B5B00B0C2E4DFCD700C97AAA /* PBXContainerItemProxy */;
		};
		B5B00B172E4DFCD700C97AAA /* PBXTargetDependency */ = {
			isa = PBXTargetDependency;
			target = B5B00AFD2E4DFCD700C97AAA /* OneStep */;
			targetProxy = B5B00B162E4DFCD700C97AAA /* PBXContainerItemProxy */;
		};
/* End PBXTargetDependency section */

/* Begin XCBuildConfiguration section */
		B5B00B1D2E4DFCD700C97AAA /* Debug */ = {
			isa = XCBuildConfiguration;
			buildSettings = {
				ALWAYS_SEARCH_USER_PATHS = NO;
				ASSETCATALOG_COMPILER_GENERATE_SWIFT_ASSET_SYMBOL_EXTENSIONS = YES;
				CLANG_ANALYZER_NONNULL = YES;
				CLANG_ANALYZER_NUMBER_OBJECT_CONVERSION = YES_AGGRESSIVE;
				CLANG_CXX_LANGUAGE_STANDARD = "gnu++20";
				CLANG_ENABLE_MODULES = YES;
				CLANG_ENABLE_OBJC_ARC = YES;
				CLANG_ENABLE_OBJC_WEAK = YES;
				CLANG_WARN_BLOCK_CAPTURE_AUTORELEASING = YES;
				CLANG_WARN_BOOL_CONVERSION = YES;
				CLANG_WARN_COMMA = YES;
				CLANG_WARN_CONSTANT_CONVERSION = YES;
				CLANG_WARN_DEPRECATED_OBJC_IMPLEMENTATIONS = YES;
				CLANG_WARN_DIRECT_OBJC_ISA_USAGE = YES_ERROR;
				CLANG_WARN_DOCUMENTATION_COMMENTS = YES;
				CLANG_WARN_EMPTY_BODY = YES;
				CLANG_WARN_ENUM_CONVERSION = YES;
				CLANG_WARN_INFINITE_RECURSION = YES;
				CLANG_WARN_INT_CONVERSION = YES;
				CLANG_WARN_NON_LITERAL_NULL_CONVERSION = YES;
				CLANG_WARN_OBJC_IMPLICIT_RETAIN_SELF = YES;
				CLANG_WARN_OBJC_LITERAL_CONVERSION = YES;
				CLANG_WARN_OBJC_ROOT_CLASS = YES_ERROR;
				CLANG_WARN_QUOTED_INCLUDE_IN_FRAMEWORK_HEADER = YES;
				CLANG_WARN_RANGE_LOOP_ANALYSIS = YES;
				CLANG_WARN_STRICT_PROTOTYPES = YES;
				CLANG_WARN_SUSPICIOUS_MOVE = YES;
				CLANG_WARN_UNGUARDED_AVAILABILITY = YES_AGGRESSIVE;
				CLANG_WARN_UNREACHABLE_CODE = YES;
				CLANG_WARN__DUPLICATE_METHOD_MATCH = YES;
				COPY_PHASE_STRIP = NO;
				DEBUG_INFORMATION_FORMAT = dwarf;
				DEVELOPMENT_TEAM = UCWR6AW3FG;
				ENABLE_STRICT_OBJC_MSGSEND = YES;
				ENABLE_TESTABILITY = YES;
				ENABLE_USER_SCRIPT_SANDBOXING = YES;
				GCC_C_LANGUAGE_STANDARD = gnu17;
				GCC_DYNAMIC_NO_PIC = NO;
				GCC_NO_COMMON_BLOCKS = YES;
				GCC_OPTIMIZATION_LEVEL = 0;
				GCC_PREPROCESSOR_DEFINITIONS = (
					"DEBUG=1",
					"$(inherited)",
				);
				GCC_WARN_64_TO_32_BIT_CONVERSION = YES;
				GCC_WARN_ABOUT_RETURN_TYPE = YES_ERROR;
				GCC_WARN_UNDECLARED_SELECTOR = YES;
				GCC_WARN_UNINITIALIZED_AUTOS = YES_AGGRESSIVE;
				GCC_WARN_UNUSED_FUNCTION = YES;
				GCC_WARN_UNUSED_VARIABLE = YES;
				IPHONEOS_DEPLOYMENT_TARGET = 18.5;
				LOCALIZATION_PREFERS_STRING_CATALOGS = YES;
				MTL_ENABLE_DEBUG_INFO = INCLUDE_SOURCE;
				MTL_FAST_MATH = YES;
				ONLY_ACTIVE_ARCH = YES;
				SDKROOT = iphoneos;
				SWIFT_ACTIVE_COMPILATION_CONDITIONS = "DEBUG $(inherited)";
				SWIFT_OPTIMIZATION_LEVEL = "-Onone";
			};
			name = Debug;
		};
		B5B00B1E2E4DFCD700C97AAA /* Release */ = {
			isa = XCBuildConfiguration;
			buildSettings = {
				ALWAYS_SEARCH_USER_PATHS = NO;
				ASSETCATALOG_COMPILER_GENERATE_SWIFT_ASSET_SYMBOL_EXTENSIONS = YES;
				CLANG_ANALYZER_NONNULL = YES;
				CLANG_ANALYZER_NUMBER_OBJECT_CONVERSION = YES_AGGRESSIVE;
				CLANG_CXX_LANGUAGE_STANDARD = "gnu++20";
				CLANG_ENABLE_MODULES = YES;
				CLANG_ENABLE_OBJC_ARC = YES;
				CLANG_ENABLE_OBJC_WEAK = YES;
				CLANG_WARN_BLOCK_CAPTURE_AUTORELEASING = YES;
				CLANG_WARN_BOOL_CONVERSION = YES;
				CLANG_WARN_COMMA = YES;
				CLANG_WARN_CONSTANT_CONVERSION = YES;
				CLANG_WARN_DEPRECATED_OBJC_IMPLEMENTATIONS = YES;
				CLANG_WARN_DIRECT_OBJC_ISA_USAGE = YES_ERROR;
				CLANG_WARN_DOCUMENTATION_COMMENTS = YES;
				CLANG_WARN_EMPTY_BODY = YES;
				CLANG_WARN_ENUM_CONVERSION = YES;
				CLANG_WARN_INFINITE_RECURSION = YES;
				CLANG_WARN_INT_CONVERSION = YES;
				CLANG_WARN_NON_LITERAL_NULL_CONVERSION = YES;
				CLANG_WARN_OBJC_IMPLICIT_RETAIN_SELF = YES;
				CLANG_WARN_OBJC_LITERAL_CONVERSION = YES;
				CLANG_WARN_OBJC_ROOT_CLASS = YES_ERROR;
				CLANG_WARN_QUOTED_INCLUDE_IN_FRAMEWORK_HEADER = YES;
				CLANG_WARN_RANGE_LOOP_ANALYSIS = YES;
				CLANG_WARN_STRICT_PROTOTYPES = YES;
				CLANG_WARN_SUSPICIOUS_MOVE = YES;
				CLANG_WARN_UNGUARDED_AVAILABILITY = YES_AGGRESSIVE;
				CLANG_WARN_UNREACHABLE_CODE = YES;
				CLANG_WARN__DUPLICATE_METHOD_MATCH = YES;
				COPY_PHASE_STRIP = NO;
				DEBUG_INFORMATION_FORMAT = "dwarf-with-dsym";
				DEVELOPMENT_TEAM = UCWR6AW3FG;
				ENABLE_NS_ASSERTIONS = NO;
				ENABLE_STRICT_OBJC_MSGSEND = YES;
				ENABLE_USER_SCRIPT_SANDBOXING = YES;
				GCC_C_LANGUAGE_STANDARD = gnu17;
				GCC_NO_COMMON_BLOCKS = YES;
				GCC_WARN_64_TO_32_BIT_CONVERSION = YES;
				GCC_WARN_ABOUT_RETURN_TYPE = YES_ERROR;
				GCC_WARN_UNDECLARED_SELECTOR = YES;
				GCC_WARN_UNINITIALIZED_AUTOS = YES_AGGRESSIVE;
				GCC_WARN_UNUSED_FUNCTION = YES;
				GCC_WARN_UNUSED_VARIABLE = YES;
				IPHONEOS_DEPLOYMENT_TARGET = 18.5;
				LOCALIZATION_PREFERS_STRING_CATALOGS = YES;
				MTL_ENABLE_DEBUG_INFO = NO;
				MTL_FAST_MATH = YES;
				SDKROOT = iphoneos;
				SWIFT_COMPILATION_MODE = wholemodule;
				VALIDATE_PRODUCT = YES;
			};
			name = Release;
		};
		B5B00B202E4DFCD700C97AAA /* Debug */ = {
			isa = XCBuildConfiguration;
			buildSettings = {
				ASSETCATALOG_COMPILER_APPICON_NAME = AppIcon;
				ASSETCATALOG_COMPILER_GLOBAL_ACCENT_COLOR_NAME = AccentColor;
				CODE_SIGN_ENTITLEMENTS = OneStep/OneStep.entitlements;
				CODE_SIGN_STYLE = Automatic;
				CURRENT_PROJECT_VERSION = 1;
				DEVELOPMENT_TEAM = UCWR6AW3FG;
				ENABLE_PREVIEWS = YES;
				GENERATE_INFOPLIST_FILE = YES;
				INFOPLIST_FILE = OneStep/Info.plist;
				INFOPLIST_KEY_NSCameraUsageDescription = "";
				INFOPLIST_KEY_NSHealthShareUsageDescription = "앱에서 걸음 수를 확인하여 맞춤형 건강 정보를 제공합니다.";
				INFOPLIST_KEY_NSHealthUpdateUsageDescription = "앱에서 운동 기록을 저장하기 위해 건강 데이터를 업데이트합니다.";
				INFOPLIST_KEY_NSPhotoLibraryUsageDescription = "";
				INFOPLIST_KEY_UIApplicationSceneManifest_Generation = YES;
				INFOPLIST_KEY_UIApplicationSupportsIndirectInputEvents = YES;
				INFOPLIST_KEY_UILaunchScreen_Generation = YES;
				INFOPLIST_KEY_UISupportedInterfaceOrientations_iPad = "UIInterfaceOrientationPortrait UIInterfaceOrientationPortraitUpsideDown UIInterfaceOrientationLandscapeLeft UIInterfaceOrientationLandscapeRight";
				INFOPLIST_KEY_UISupportedInterfaceOrientations_iPhone = "UIInterfaceOrientationPortrait UIInterfaceOrientationLandscapeLeft UIInterfaceOrientationLandscapeRight";
				LD_RUNPATH_SEARCH_PATHS = (
					"$(inherited)",
					"@executable_path/Frameworks",
				);
				MARKETING_VERSION = 1.0;
				PRODUCT_BUNDLE_IDENTIFIER = com.PARD6th.iOS.OneStep;
				PRODUCT_NAME = "$(TARGET_NAME)";
				SWIFT_EMIT_LOC_STRINGS = YES;
				SWIFT_VERSION = 5.0;
				TARGETED_DEVICE_FAMILY = "1,2";
			};
			name = Debug;
		};
		B5B00B212E4DFCD700C97AAA /* Release */ = {
			isa = XCBuildConfiguration;
			buildSettings = {
				ASSETCATALOG_COMPILER_APPICON_NAME = AppIcon;
				ASSETCATALOG_COMPILER_GLOBAL_ACCENT_COLOR_NAME = AccentColor;
				CODE_SIGN_ENTITLEMENTS = OneStep/OneStep.entitlements;
				CODE_SIGN_STYLE = Automatic;
				CURRENT_PROJECT_VERSION = 1;
				DEVELOPMENT_TEAM = UCWR6AW3FG;
				ENABLE_PREVIEWS = YES;
				GENERATE_INFOPLIST_FILE = YES;
				INFOPLIST_FILE = OneStep/Info.plist;
				INFOPLIST_KEY_NSCameraUsageDescription = "";
				INFOPLIST_KEY_NSHealthShareUsageDescription = "앱에서 걸음 수를 확인하여 맞춤형 건강 정보를 제공합니다.";
				INFOPLIST_KEY_NSHealthUpdateUsageDescription = "앱에서 운동 기록을 저장하기 위해 건강 데이터를 업데이트합니다.";
				INFOPLIST_KEY_NSPhotoLibraryUsageDescription = "";
				INFOPLIST_KEY_UIApplicationSceneManifest_Generation = YES;
				INFOPLIST_KEY_UIApplicationSupportsIndirectInputEvents = YES;
				INFOPLIST_KEY_UILaunchScreen_Generation = YES;
				INFOPLIST_KEY_UISupportedInterfaceOrientations_iPad = "UIInterfaceOrientationPortrait UIInterfaceOrientationPortraitUpsideDown UIInterfaceOrientationLandscapeLeft UIInterfaceOrientationLandscapeRight";
				INFOPLIST_KEY_UISupportedInterfaceOrientations_iPhone = "UIInterfaceOrientationPortrait UIInterfaceOrientationLandscapeLeft UIInterfaceOrientationLandscapeRight";
				LD_RUNPATH_SEARCH_PATHS = (
					"$(inherited)",
					"@executable_path/Frameworks",
				);
				MARKETING_VERSION = 1.0;
				PRODUCT_BUNDLE_IDENTIFIER = com.PARD6th.iOS.OneStep;
				PRODUCT_NAME = "$(TARGET_NAME)";
				SWIFT_EMIT_LOC_STRINGS = YES;
				SWIFT_VERSION = 5.0;
				TARGETED_DEVICE_FAMILY = "1,2";
			};
			name = Release;
		};
		B5B00B232E4DFCD700C97AAA /* Debug */ = {
			isa = XCBuildConfiguration;
			buildSettings = {
				BUNDLE_LOADER = "$(TEST_HOST)";
				CODE_SIGN_STYLE = Automatic;
				CURRENT_PROJECT_VERSION = 1;
				DEVELOPMENT_TEAM = UCWR6AW3FG;
				GENERATE_INFOPLIST_FILE = YES;
				IPHONEOS_DEPLOYMENT_TARGET = 18.5;
				MARKETING_VERSION = 1.0;
				PRODUCT_BUNDLE_IDENTIFIER = com.PARD6th.iOS.OneStepTests;
				PRODUCT_NAME = "$(TARGET_NAME)";
				SWIFT_EMIT_LOC_STRINGS = NO;
				SWIFT_VERSION = 5.0;
				TARGETED_DEVICE_FAMILY = "1,2";
				TEST_HOST = "$(BUILT_PRODUCTS_DIR)/OneStep.app/$(BUNDLE_EXECUTABLE_FOLDER_PATH)/OneStep";
			};
			name = Debug;
		};
		B5B00B242E4DFCD700C97AAA /* Release */ = {
			isa = XCBuildConfiguration;
			buildSettings = {
				BUNDLE_LOADER = "$(TEST_HOST)";
				CODE_SIGN_STYLE = Automatic;
				CURRENT_PROJECT_VERSION = 1;
				DEVELOPMENT_TEAM = UCWR6AW3FG;
				GENERATE_INFOPLIST_FILE = YES;
				IPHONEOS_DEPLOYMENT_TARGET = 18.5;
				MARKETING_VERSION = 1.0;
				PRODUCT_BUNDLE_IDENTIFIER = com.PARD6th.iOS.OneStepTests;
				PRODUCT_NAME = "$(TARGET_NAME)";
				SWIFT_EMIT_LOC_STRINGS = NO;
				SWIFT_VERSION = 5.0;
				TARGETED_DEVICE_FAMILY = "1,2";
				TEST_HOST = "$(BUILT_PRODUCTS_DIR)/OneStep.app/$(BUNDLE_EXECUTABLE_FOLDER_PATH)/OneStep";
			};
			name = Release;
		};
		B5B00B262E4DFCD700C97AAA /* Debug */ = {
			isa = XCBuildConfiguration;
			buildSettings = {
				CODE_SIGN_STYLE = Automatic;
				CURRENT_PROJECT_VERSION = 1;
				DEVELOPMENT_TEAM = UCWR6AW3FG;
				GENERATE_INFOPLIST_FILE = YES;
				MARKETING_VERSION = 1.0;
				PRODUCT_BUNDLE_IDENTIFIER = com.PARD6th.iOS.OneStepUITests;
				PRODUCT_NAME = "$(TARGET_NAME)";
				SWIFT_EMIT_LOC_STRINGS = NO;
				SWIFT_VERSION = 5.0;
				TARGETED_DEVICE_FAMILY = "1,2";
				TEST_TARGET_NAME = OneStep;
			};
			name = Debug;
		};
		B5B00B272E4DFCD700C97AAA /* Release */ = {
			isa = XCBuildConfiguration;
			buildSettings = {
				CODE_SIGN_STYLE = Automatic;
				CURRENT_PROJECT_VERSION = 1;
				DEVELOPMENT_TEAM = UCWR6AW3FG;
				GENERATE_INFOPLIST_FILE = YES;
				MARKETING_VERSION = 1.0;
				PRODUCT_BUNDLE_IDENTIFIER = com.PARD6th.iOS.OneStepUITests;
				PRODUCT_NAME = "$(TARGET_NAME)";
				SWIFT_EMIT_LOC_STRINGS = NO;
				SWIFT_VERSION = 5.0;
				TARGETED_DEVICE_FAMILY = "1,2";
				TEST_TARGET_NAME = OneStep;
			};
			name = Release;
		};
/* End XCBuildConfiguration section */

/* Begin XCConfigurationList section */
		B5B00AF92E4DFCD700C97AAA /* Build configuration list for PBXProject "OneStep" */ = {
			isa = XCConfigurationList;
			buildConfigurations = (
				B5B00B1D2E4DFCD700C97AAA /* Debug */,
				B5B00B1E2E4DFCD700C97AAA /* Release */,
			);
			defaultConfigurationIsVisible = 0;
			defaultConfigurationName = Release;
		};
		B5B00B1F2E4DFCD700C97AAA /* Build configuration list for PBXNativeTarget "OneStep" */ = {
			isa = XCConfigurationList;
			buildConfigurations = (
				B5B00B202E4DFCD700C97AAA /* Debug */,
				B5B00B212E4DFCD700C97AAA /* Release */,
			);
			defaultConfigurationIsVisible = 0;
			defaultConfigurationName = Release;
		};
		B5B00B222E4DFCD700C97AAA /* Build configuration list for PBXNativeTarget "OneStepTests" */ = {
			isa = XCConfigurationList;
			buildConfigurations = (
				B5B00B232E4DFCD700C97AAA /* Debug */,
				B5B00B242E4DFCD700C97AAA /* Release */,
			);
			defaultConfigurationIsVisible = 0;
			defaultConfigurationName = Release;
		};
		B5B00B252E4DFCD700C97AAA /* Build configuration list for PBXNativeTarget "OneStepUITests" */ = {
			isa = XCConfigurationList;
			buildConfigurations = (
				B5B00B262E4DFCD700C97AAA /* Debug */,
				B5B00B272E4DFCD700C97AAA /* Release */,
			);
			defaultConfigurationIsVisible = 0;
			defaultConfigurationName = Release;
		};
/* End XCConfigurationList section */

/* Begin XCRemoteSwiftPackageReference section */
		B5B00CA52E527E9A00C97AAA /* XCRemoteSwiftPackageReference "lottie-ios" */ = {
			isa = XCRemoteSwiftPackageReference;
			repositoryURL = "https://github.com/airbnb/lottie-ios";
			requirement = {
				kind = upToNextMajorVersion;
				minimumVersion = 4.5.2;
			};
		};
/* End XCRemoteSwiftPackageReference section */

/* Begin XCSwiftPackageProductDependency section */
		B5B00CA62E527E9A00C97AAA /* Lottie */ = {
			isa = XCSwiftPackageProductDependency;
			package = B5B00CA52E527E9A00C97AAA /* XCRemoteSwiftPackageReference "lottie-ios" */;
			productName = Lottie;
		};
/* End XCSwiftPackageProductDependency section */
	};
	rootObject = B5B00AF62E4DFCD700C97AAA /* Project object */;
}
